
Microsoft Visual Studio Solution File, Format Version 12.00
Project("{2150E333-8FDC-42A3-9474-1A3956D46DE8}") = "Server", "Server", "{08EF8169-55DE-4B86-8B14-3C2521B9E9BD}"
EndProject
Project("{2150E333-8FDC-42A3-9474-1A3956D46DE8}") = "Application", "Application", "{1D3FB829-AE76-4F9F-BE7A-1134899B9967}"
EndProject
Project("{2150E333-8FDC-42A3-9474-1A3956D46DE8}") = "Infrastructure", "Infrastructure", "{E2CA9F56-B4FF-46A4-9D53-A39F699B2507}"
EndProject
Project("{2150E333-8FDC-42A3-9474-1A3956D46DE8}") = "Shared", "Shared", "{E140115F-DB13-4389-A1BB-AA34E62AC3EA}"
EndProject
Project("{2150E333-8FDC-42A3-9474-1A3956D46DE8}") = "Tests", "Tests", "{A2D709DB-F972-499A-AAB6-D48BDAA95612}"
EndProject
Project("{FAE04EC0-301F-11D3-BF4B-00C04F79EFBC}") = "RoseX.Application", "Application\RoseX.Application\RoseX.Application.csproj", "{F3B6A32F-725C-4A2B-B6BF-167E79BAB212}"
EndProject
Project("{FAE04EC0-301F-11D3-BF4B-00C04F79EFBC}") = "RoseX.Domain", "Application\RoseX.Domain\RoseX.Domain.csproj", "{932D182B-89B6-4A73-9264-5AEA34FE6EAE}"
EndProject
Project("{FAE04EC0-301F-11D3-BF4B-00C04F79EFBC}") = "RoseX.Infrastructure", "Infrastructure\RoseX.Infrastructure\RoseX.Infrastructure.csproj", "{65D32203-B83D-450B-9E38-A11A858076C8}"
EndProject
Project("{FAE04EC0-301F-11D3-BF4B-00C04F79EFBC}") = "RoseX.Shared", "Shared\RoseX.Shared\RoseX.Shared.csproj", "{65754C7C-E40F-4D85-836E-FCBD63354918}"
EndProject
Project("{FAE04EC0-301F-11D3-BF4B-00C04F79EFBC}") = "RoseX.Infurstructure.Shared", "Infrastructure\RoseX.Infurstructure.Shared\RoseX.Infurstructure.Shared.csproj", "{4094F491-196E-4B42-AECB-A586E360E984}"
EndProject
Project("{2150E333-8FDC-42A3-9474-1A3956D46DE8}") = "Clients", "Clients", "{35F67BF0-BE3F-44CC-9120-AA51ECBAA184}"
EndProject
Project("{FAE04EC0-301F-11D3-BF4B-00C04F79EFBC}") = "RoseX.Server", "Server\RoseX.Server\RoseX.Server.csproj", "{1B8F33DD-8A0E-4617-9CA6-CF250DF0AEFF}"
EndProject
Project("{FAE04EC0-301F-11D3-BF4B-00C04F79EFBC}") = "Rose.Clients.Web", "Clients\Rose.Clients.Web\Rose.Clients.Web.csproj", "{94F0E3DB-B939-41DD-A55E-D44BE8F13332}"
EndProject
Project("{FAE04EC0-301F-11D3-BF4B-00C04F79EFBC}") = "RoseX.Tests.Clients.Web", "Tests\RoseX.Tests.Clients.Web\RoseX.Tests.Clients.Web.csproj", "{AFCBA830-6DD1-49F9-946A-0E28C70ACC3E}"
EndProject
Project("{FAE04EC0-301F-11D3-BF4B-00C04F79EFBC}") = "RoseX.Tests.Server", "Tests\RoseX.Tests.Server\RoseX.Tests.Server.csproj", "{90E6131D-32A1-4832-9BD8-DBD9C1E4BC5E}"
EndProject
Project("{FAE04EC0-301F-11D3-BF4B-00C04F79EFBC}") = "RoseX.Clients.Web.Infrastructure", "Clients\RoseX.Clients.Web.Infrastructure\RoseX.Clients.Web.Infrastructure.csproj", "{99CE331B-150A-4DCC-A2A5-1AD734C1C8DC}"
EndProject
Global
	GlobalSection(SolutionConfigurationPlatforms) = preSolution
		Debug|Any CPU = Debug|Any CPU
		Release|Any CPU = Release|Any CPU
	EndGlobalSection
	GlobalSection(NestedProjects) = preSolution
		{F3B6A32F-725C-4A2B-B6BF-167E79BAB212} = {1D3FB829-AE76-4F9F-BE7A-1134899B9967}
		{932D182B-89B6-4A73-9264-5AEA34FE6EAE} = {1D3FB829-AE76-4F9F-BE7A-1134899B9967}
		{65D32203-B83D-450B-9E38-A11A858076C8} = {E2CA9F56-B4FF-46A4-9D53-A39F699B2507}
		{65754C7C-E40F-4D85-836E-FCBD63354918} = {E140115F-DB13-4389-A1BB-AA34E62AC3EA}
		{4094F491-196E-4B42-AECB-A586E360E984} = {E2CA9F56-B4FF-46A4-9D53-A39F699B2507}
		{1B8F33DD-8A0E-4617-9CA6-CF250DF0AEFF} = {08EF8169-55DE-4B86-8B14-3C2521B9E9BD}
		{94F0E3DB-B939-41DD-A55E-D44BE8F13332} = {35F67BF0-BE3F-44CC-9120-AA51ECBAA184}
		{AFCBA830-6DD1-49F9-946A-0E28C70ACC3E} = {A2D709DB-F972-499A-AAB6-D48BDAA95612}
		{90E6131D-32A1-4832-9BD8-DBD9C1E4BC5E} = {A2D709DB-F972-499A-AAB6-D48BDAA95612}
		{99CE331B-150A-4DCC-A2A5-1AD734C1C8DC} = {35F67BF0-BE3F-44CC-9120-AA51ECBAA184}
	EndGlobalSection
	GlobalSection(ProjectConfigurationPlatforms) = postSolution
		{F3B6A32F-725C-4A2B-B6BF-167E79BAB212}.Debug|Any CPU.ActiveCfg = Debug|Any CPU
		{F3B6A32F-725C-4A2B-B6BF-167E79BAB212}.Debug|Any CPU.Build.0 = Debug|Any CPU
		{F3B6A32F-725C-4A2B-B6BF-167E79BAB212}.Release|Any CPU.ActiveCfg = Release|Any CPU
		{F3B6A32F-725C-4A2B-B6BF-167E79BAB212}.Release|Any CPU.Build.0 = Release|Any CPU
		{932D182B-89B6-4A73-9264-5AEA34FE6EAE}.Debug|Any CPU.ActiveCfg = Debug|Any CPU
		{932D182B-89B6-4A73-9264-5AEA34FE6EAE}.Debug|Any CPU.Build.0 = Debug|Any CPU
		{932D182B-89B6-4A73-9264-5AEA34FE6EAE}.Release|Any CPU.ActiveCfg = Release|Any CPU
		{932D182B-89B6-4A73-9264-5AEA34FE6EAE}.Release|Any CPU.Build.0 = Release|Any CPU
		{65D32203-B83D-450B-9E38-A11A858076C8}.Debug|Any CPU.ActiveCfg = Debug|Any CPU
		{65D32203-B83D-450B-9E38-A11A858076C8}.Debug|Any CPU.Build.0 = Debug|Any CPU
		{65D32203-B83D-450B-9E38-A11A858076C8}.Release|Any CPU.ActiveCfg = Release|Any CPU
		{65D32203-B83D-450B-9E38-A11A858076C8}.Release|Any CPU.Build.0 = Release|Any CPU
		{65754C7C-E40F-4D85-836E-FCBD63354918}.Debug|Any CPU.ActiveCfg = Debug|Any CPU
		{65754C7C-E40F-4D85-836E-FCBD63354918}.Debug|Any CPU.Build.0 = Debug|Any CPU
		{65754C7C-E40F-4D85-836E-FCBD63354918}.Release|Any CPU.ActiveCfg = Release|Any CPU
		{65754C7C-E40F-4D85-836E-FCBD63354918}.Release|Any CPU.Build.0 = Release|Any CPU
		{4094F491-196E-4B42-AECB-A586E360E984}.Debug|Any CPU.ActiveCfg = Debug|Any CPU
		{4094F491-196E-4B42-AECB-A586E360E984}.Debug|Any CPU.Build.0 = Debug|Any CPU
		{4094F491-196E-4B42-AECB-A586E360E984}.Release|Any CPU.ActiveCfg = Release|Any CPU
		{4094F491-196E-4B42-AECB-A586E360E984}.Release|Any CPU.Build.0 = Release|Any CPU
		{1B8F33DD-8A0E-4617-9CA6-CF250DF0AEFF}.Debug|Any CPU.ActiveCfg = Debug|Any CPU
		{1B8F33DD-8A0E-4617-9CA6-CF250DF0AEFF}.Debug|Any CPU.Build.0 = Debug|Any CPU
		{1B8F33DD-8A0E-4617-9CA6-CF250DF0AEFF}.Release|Any CPU.ActiveCfg = Release|Any CPU
		{1B8F33DD-8A0E-4617-9CA6-CF250DF0AEFF}.Release|Any CPU.Build.0 = Release|Any CPU
		{94F0E3DB-B939-41DD-A55E-D44BE8F13332}.Debug|Any CPU.ActiveCfg = Debug|Any CPU
		{94F0E3DB-B939-41DD-A55E-D44BE8F13332}.Debug|Any CPU.Build.0 = Debug|Any CPU
		{94F0E3DB-B939-41DD-A55E-D44BE8F13332}.Release|Any CPU.ActiveCfg = Release|Any CPU
		{94F0E3DB-B939-41DD-A55E-D44BE8F13332}.Release|Any CPU.Build.0 = Release|Any CPU
		{AFCBA830-6DD1-49F9-946A-0E28C70ACC3E}.Debug|Any CPU.ActiveCfg = Debug|Any CPU
		{AFCBA830-6DD1-49F9-946A-0E28C70ACC3E}.Debug|Any CPU.Build.0 = Debug|Any CPU
		{AFCBA830-6DD1-49F9-946A-0E28C70ACC3E}.Release|Any CPU.ActiveCfg = Release|Any CPU
		{AFCBA830-6DD1-49F9-946A-0E28C70ACC3E}.Release|Any CPU.Build.0 = Release|Any CPU
		{90E6131D-32A1-4832-9BD8-DBD9C1E4BC5E}.Debug|Any CPU.ActiveCfg = Debug|Any CPU
		{90E6131D-32A1-4832-9BD8-DBD9C1E4BC5E}.Debug|Any CPU.Build.0 = Debug|Any CPU
		{90E6131D-32A1-4832-9BD8-DBD9C1E4BC5E}.Release|Any CPU.ActiveCfg = Release|Any CPU
		{90E6131D-32A1-4832-9BD8-DBD9C1E4BC5E}.Release|Any CPU.Build.0 = Release|Any CPU
		{99CE331B-150A-4DCC-A2A5-1AD734C1C8DC}.Debug|Any CPU.ActiveCfg = Debug|Any CPU
		{99CE331B-150A-4DCC-A2A5-1AD734C1C8DC}.Debug|Any CPU.Build.0 = Debug|Any CPU
		{99CE331B-150A-4DCC-A2A5-1AD734C1C8DC}.Release|Any CPU.ActiveCfg = Release|Any CPU
		{99CE331B-150A-4DCC-A2A5-1AD734C1C8DC}.Release|Any CPU.Build.0 = Release|Any CPU
	EndGlobalSection
EndGlobal
